{
  "name": "wilders-crew",
  "version": "1.0.0",
  "lockfileVersion": 3,
  "requires": true,
  "packages": {
    "": {
      "name": "wilders-crew",
      "version": "1.0.0",
      "license": "ISC",
      "dependencies": {
        "vjslider": "^3.1.2"
      }
    },
    "node_modules/vjslider": {
      "version": "3.1.2",
      "resolved": "https://registry.npmjs.org/vjslider/-/vjslider-3.1.2.tgz",
      "integrity": "sha512-wT/Err5Pg8EkHSNe4vjfWyxTJguPSM1qWUKyI9NtH7w5/BF/F55jHpPBRk8tMfASmfr7+bq245EHEHdCS6U16w=="
    }
  }
}
